
Microsoft Visual Studio Solution File, Format Version 12.00
# Visual Studio Version 17
VisualStudioVersion = 17.4.33213.308
MinimumVisualStudioVersion = 10.0.40219.1
Project("{FAE04EC0-301F-11D3-BF4B-00C04F79EFBC}") = "TxtRedactor", "TxtRedactor\TxtRedactor.csproj", "{532B4A77-E32E-4B51-8071-4080B6359657}"
EndProject
Global
	GlobalSection(SolutionConfigurationPlatforms) = preSolution
		Debug|Any CPU = Debug|Any CPU
		Release|Any CPU = Release|Any CPU
	EndGlobalSection
	GlobalSection(ProjectConfigurationPlatforms) = postSolution
		{532B4A77-E32E-4B51-8071-4080B6359657}.Debug|Any CPU.ActiveCfg = Debug|Any CPU
		{532B4A77-E32E-4B51-8071-4080B6359657}.Debug|Any CPU.Build.0 = Debug|Any CPU
		{532B4A77-E32E-4B51-8071-4080B6359657}.Release|Any CPU.ActiveCfg = Release|Any CPU
		{532B4A77-E32E-4B51-8071-4080B6359657}.Release|Any CPU.Build.0 = Release|Any CPU
	EndGlobalSection
	GlobalSection(SolutionProperties) = preSolution
		HideSolutionNode = FALSE
	EndGlobalSection
	GlobalSection(ExtensibilityGlobals) = postSolution
		SolutionGuid = {4DDC396B-1535-4DAC-8AB5-CC79C263AAE0}
	EndGlobalSection
EndGlobal
