
Microsoft Visual Studio Solution File, Format Version 12.00
# Visual Studio Version 17
VisualStudioVersion = 17.1.32414.318
MinimumVisualStudioVersion = 10.0.40219.1
Project("{FAE04EC0-301F-11D3-BF4B-00C04F79EFBC}") = "c_sharp_work3", "c_sharp_work3\c_sharp_work3.csproj", "{F19CD7E4-9F1E-47D9-980F-8E8105D43082}"
EndProject
Global
	GlobalSection(SolutionConfigurationPlatforms) = preSolution
		Debug|Any CPU = Debug|Any CPU
		Release|Any CPU = Release|Any CPU
	EndGlobalSection
	GlobalSection(ProjectConfigurationPlatforms) = postSolution
		{F19CD7E4-9F1E-47D9-980F-8E8105D43082}.Debug|Any CPU.ActiveCfg = Debug|Any CPU
		{F19CD7E4-9F1E-47D9-980F-8E8105D43082}.Debug|Any CPU.Build.0 = Debug|Any CPU
		{F19CD7E4-9F1E-47D9-980F-8E8105D43082}.Release|Any CPU.ActiveCfg = Release|Any CPU
		{F19CD7E4-9F1E-47D9-980F-8E8105D43082}.Release|Any CPU.Build.0 = Release|Any CPU
	EndGlobalSection
	GlobalSection(SolutionProperties) = preSolution
		HideSolutionNode = FALSE
	EndGlobalSection
	GlobalSection(ExtensibilityGlobals) = postSolution
		SolutionGuid = {44FC9BBC-BA1A-469E-AF6C-E42FF97D3391}
	EndGlobalSection
EndGlobal
