
Microsoft Visual Studio Solution File, Format Version 12.00
# Visual Studio Version 17
VisualStudioVersion = 17.5.33424.131
MinimumVisualStudioVersion = 10.0.40219.1
Project("{FAE04EC0-301F-11D3-BF4B-00C04F79EFBC}") = "MatrixCal", "MatrixCal.csproj", "{F002155B-F1A8-410B-B69C-578F4ADF6480}"
EndProject
Global
	GlobalSection(SolutionConfigurationPlatforms) = preSolution
		Debug|Any CPU = Debug|Any CPU
		Release|Any CPU = Release|Any CPU
	EndGlobalSection
	GlobalSection(ProjectConfigurationPlatforms) = postSolution
		{F002155B-F1A8-410B-B69C-578F4ADF6480}.Debug|Any CPU.ActiveCfg = Debug|Any CPU
		{F002155B-F1A8-410B-B69C-578F4ADF6480}.Debug|Any CPU.Build.0 = Debug|Any CPU
		{F002155B-F1A8-410B-B69C-578F4ADF6480}.Release|Any CPU.ActiveCfg = Release|Any CPU
		{F002155B-F1A8-410B-B69C-578F4ADF6480}.Release|Any CPU.Build.0 = Release|Any CPU
	EndGlobalSection
	GlobalSection(SolutionProperties) = preSolution
		HideSolutionNode = FALSE
	EndGlobalSection
	GlobalSection(ExtensibilityGlobals) = postSolution
		SolutionGuid = {9E84B24C-F381-4830-AA4B-BE9C3D20818C}
	EndGlobalSection
EndGlobal
