
Microsoft Visual Studio Solution File, Format Version 12.00
# Visual Studio Version 17
VisualStudioVersion = 17.1.32414.318
MinimumVisualStudioVersion = 10.0.40219.1
Project("{FAE04EC0-301F-11D3-BF4B-00C04F79EFBC}") = "C_charp_work_9_a", "C_charp_work_9_a\C_charp_work_9_a.csproj", "{36BCD0C7-D244-4DC0-9F3B-33B28316E1FF}"
EndProject
Global
	GlobalSection(SolutionConfigurationPlatforms) = preSolution
		Debug|Any CPU = Debug|Any CPU
		Release|Any CPU = Release|Any CPU
	EndGlobalSection
	GlobalSection(ProjectConfigurationPlatforms) = postSolution
		{36BCD0C7-D244-4DC0-9F3B-33B28316E1FF}.Debug|Any CPU.ActiveCfg = Debug|Any CPU
		{36BCD0C7-D244-4DC0-9F3B-33B28316E1FF}.Debug|Any CPU.Build.0 = Debug|Any CPU
		{36BCD0C7-D244-4DC0-9F3B-33B28316E1FF}.Release|Any CPU.ActiveCfg = Release|Any CPU
		{36BCD0C7-D244-4DC0-9F3B-33B28316E1FF}.Release|Any CPU.Build.0 = Release|Any CPU
	EndGlobalSection
	GlobalSection(SolutionProperties) = preSolution
		HideSolutionNode = FALSE
	EndGlobalSection
	GlobalSection(ExtensibilityGlobals) = postSolution
		SolutionGuid = {EDB52067-264E-4EE4-8B68-5C68EE19F4F7}
	EndGlobalSection
EndGlobal
