
Microsoft Visual Studio Solution File, Format Version 12.00
# Visual Studio Version 17
VisualStudioVersion = 17.1.32414.318
MinimumVisualStudioVersion = 10.0.40219.1
Project("{FAE04EC0-301F-11D3-BF4B-00C04F79EFBC}") = "C_sharp_work18", "C_sharp_work18\C_sharp_work18.csproj", "{2B89F07A-ED3B-411B-B156-3868DF460128}"
EndProject
Global
	GlobalSection(SolutionConfigurationPlatforms) = preSolution
		Debug|Any CPU = Debug|Any CPU
		Release|Any CPU = Release|Any CPU
	EndGlobalSection
	GlobalSection(ProjectConfigurationPlatforms) = postSolution
		{2B89F07A-ED3B-411B-B156-3868DF460128}.Debug|Any CPU.ActiveCfg = Debug|Any CPU
		{2B89F07A-ED3B-411B-B156-3868DF460128}.Debug|Any CPU.Build.0 = Debug|Any CPU
		{2B89F07A-ED3B-411B-B156-3868DF460128}.Release|Any CPU.ActiveCfg = Release|Any CPU
		{2B89F07A-ED3B-411B-B156-3868DF460128}.Release|Any CPU.Build.0 = Release|Any CPU
	EndGlobalSection
	GlobalSection(SolutionProperties) = preSolution
		HideSolutionNode = FALSE
	EndGlobalSection
	GlobalSection(ExtensibilityGlobals) = postSolution
		SolutionGuid = {9F8A0D35-0635-430F-979F-B7CCE02008E4}
	EndGlobalSection
EndGlobal
