
Microsoft Visual Studio Solution File, Format Version 12.00
# Visual Studio Version 17
VisualStudioVersion = 17.1.32414.318
MinimumVisualStudioVersion = 10.0.40219.1
Project("{FAE04EC0-301F-11D3-BF4B-00C04F79EFBC}") = "c_sharp_last", "c_sharp_last\c_sharp_last.csproj", "{B99D54F8-47E7-454E-B028-0E8B546EB1D8}"
EndProject
Global
	GlobalSection(SolutionConfigurationPlatforms) = preSolution
		Debug|Any CPU = Debug|Any CPU
		Release|Any CPU = Release|Any CPU
	EndGlobalSection
	GlobalSection(ProjectConfigurationPlatforms) = postSolution
		{B99D54F8-47E7-454E-B028-0E8B546EB1D8}.Debug|Any CPU.ActiveCfg = Debug|Any CPU
		{B99D54F8-47E7-454E-B028-0E8B546EB1D8}.Debug|Any CPU.Build.0 = Debug|Any CPU
		{B99D54F8-47E7-454E-B028-0E8B546EB1D8}.Release|Any CPU.ActiveCfg = Release|Any CPU
		{B99D54F8-47E7-454E-B028-0E8B546EB1D8}.Release|Any CPU.Build.0 = Release|Any CPU
	EndGlobalSection
	GlobalSection(SolutionProperties) = preSolution
		HideSolutionNode = FALSE
	EndGlobalSection
	GlobalSection(ExtensibilityGlobals) = postSolution
		SolutionGuid = {63888008-33D6-4BC1-AA67-0C8918B7F2CC}
	EndGlobalSection
EndGlobal
