
Microsoft Visual Studio Solution File, Format Version 12.00
# Visual Studio Version 17
VisualStudioVersion = 17.1.32414.318
MinimumVisualStudioVersion = 10.0.40219.1
Project("{FAE04EC0-301F-11D3-BF4B-00C04F79EFBC}") = "C_sharp_work14", "C_sharp_work14\C_sharp_work14.csproj", "{E845A4D1-968F-4A17-83AD-26337223769B}"
EndProject
Global
	GlobalSection(SolutionConfigurationPlatforms) = preSolution
		Debug|Any CPU = Debug|Any CPU
		Release|Any CPU = Release|Any CPU
	EndGlobalSection
	GlobalSection(ProjectConfigurationPlatforms) = postSolution
		{E845A4D1-968F-4A17-83AD-26337223769B}.Debug|Any CPU.ActiveCfg = Debug|Any CPU
		{E845A4D1-968F-4A17-83AD-26337223769B}.Debug|Any CPU.Build.0 = Debug|Any CPU
		{E845A4D1-968F-4A17-83AD-26337223769B}.Release|Any CPU.ActiveCfg = Release|Any CPU
		{E845A4D1-968F-4A17-83AD-26337223769B}.Release|Any CPU.Build.0 = Release|Any CPU
	EndGlobalSection
	GlobalSection(SolutionProperties) = preSolution
		HideSolutionNode = FALSE
	EndGlobalSection
	GlobalSection(ExtensibilityGlobals) = postSolution
		SolutionGuid = {8EF3B534-ED2D-436F-8F73-9855B16BF234}
	EndGlobalSection
EndGlobal
